// !$*UTF8*$!
{
	archiveVersion = 1;
	classes = {
	};
	objectVersion = 56;
	objects = {

/* Begin PBXBuildFile section */
		7278FB4629284D7E00FDE5B9 /* sledgerApp.swift in Sources */ = {isa = PBXBuildFile; fileRef = 7278FB4529284D7E00FDE5B9 /* sledgerApp.swift */; };
		7278FB4829284D7E00FDE5B9 /* ContentView.swift in Sources */ = {isa = PBXBuildFile; fileRef = 7278FB4729284D7E00FDE5B9 /* ContentView.swift */; };
		7278FB4A29284D8000FDE5B9 /* Assets.xcassets in Resources */ = {isa = PBXBuildFile; fileRef = 7278FB4929284D8000FDE5B9 /* Assets.xcassets */; };
		7278FB4D29284D8000FDE5B9 /* Preview Assets.xcassets in Resources */ = {isa = PBXBuildFile; fileRef = 7278FB4C29284D8000FDE5B9 /* Preview Assets.xcassets */; };
		7278FB5729284D8000FDE5B9 /* sledgerTests.swift in Sources */ = {isa = PBXBuildFile; fileRef = 7278FB5629284D8000FDE5B9 /* sledgerTests.swift */; };
		7278FB6129284D8000FDE5B9 /* sledgerUITests.swift in Sources */ = {isa = PBXBuildFile; fileRef = 7278FB6029284D8000FDE5B9 /* sledgerUITests.swift */; };
		7278FB6329284D8000FDE5B9 /* sledgerUITestsLaunchTests.swift in Sources */ = {isa = PBXBuildFile; fileRef = 7278FB6229284D8000FDE5B9 /* sledgerUITestsLaunchTests.swift */; };
/* End PBXBuildFile section */

/* Begin PBXContainerItemProxy section */
		7278FB5329284D8000FDE5B9 /* PBXContainerItemProxy */ = {
			isa = PBXContainerItemProxy;
			containerPortal = 7278FB3A29284D7E00FDE5B9 /* Project object */;
			proxyType = 1;
			remoteGlobalIDString = 7278FB4129284D7E00FDE5B9;
			remoteInfo = sledger;
		};
		7278FB5D29284D8000FDE5B9 /* PBXContainerItemProxy */ = {
			isa = PBXContainerItemProxy;
			containerPortal = 7278FB3A29284D7E00FDE5B9 /* Project object */;
			proxyType = 1;
			remoteGlobalIDString = 7278FB4129284D7E00FDE5B9;
			remoteInfo = sledger;
		};
/* End PBXContainerItemProxy section */

/* Begin PBXFileReference section */
		7278FB4229284D7E00FDE5B9 /* sledger.app */ = {isa = PBXFileReference; explicitFileType = wrapper.application; includeInIndex = 0; path = sledger.app; sourceTree = BUILT_PRODUCTS_DIR; };
		7278FB4529284D7E00FDE5B9 /* sledgerApp.swift */ = {isa = PBXFileReference; lastKnownFileType = sourcecode.swift; path = sledgerApp.swift; sourceTree = "<group>"; };
		7278FB4729284D7E00FDE5B9 /* ContentView.swift */ = {isa = PBXFileReference; lastKnownFileType = sourcecode.swift; path = ContentView.swift; sourceTree = "<group>"; };
		7278FB4929284D8000FDE5B9 /* Assets.xcassets */ = {isa = PBXFileReference; lastKnownFileType = folder.assetcatalog; path = Assets.xcassets; sourceTree = "<group>"; };
		7278FB4C29284D8000FDE5B9 /* Preview Assets.xcassets */ = {isa = PBXFileReference; lastKnownFileType = folder.assetcatalog; path = "Preview Assets.xcassets"; sourceTree = "<group>"; };
		7278FB5229284D8000FDE5B9 /* sledgerTests.xctest */ = {isa = PBXFileReference; explicitFileType = wrapper.cfbundle; includeInIndex = 0; path = sledgerTests.xctest; sourceTree = BUILT_PRODUCTS_DIR; };
		7278FB5629284D8000FDE5B9 /* sledgerTests.swift */ = {isa = PBXFileReference; lastKnownFileType = sourcecode.swift; path = sledgerTests.swift; sourceTree = "<group>"; };
		7278FB5C29284D8000FDE5B9 /* sledgerUITests.xctest */ = {isa = PBXFileReference; explicitFileType = wrapper.cfbundle; includeInIndex = 0; path = sledgerUITests.xctest; sourceTree = BUILT_PRODUCTS_DIR; };
		7278FB6029284D8000FDE5B9 /* sledgerUITests.swift */ = {isa = PBXFileReference; lastKnownFileType = sourcecode.swift; path = sledgerUITests.swift; sourceTree = "<group>"; };
		7278FB6229284D8000FDE5B9 /* sledgerUITestsLaunchTests.swift */ = {isa = PBXFileReference; lastKnownFileType = sourcecode.swift; path = sledgerUITestsLaunchTests.swift; sourceTree = "<group>"; };
/* End PBXFileReference section */

/* Begin PBXFrameworksBuildPhase section */
		7278FB3F29284D7E00FDE5B9 /* Frameworks */ = {
			isa = PBXFrameworksBuildPhase;
			buildActionMask = 2147483647;
			files = (
			);
			runOnlyForDeploymentPostprocessing = 0;
		};
		7278FB4F29284D8000FDE5B9 /* Frameworks */ = {
			isa = PBXFrameworksBuildPhase;
			buildActionMask = 2147483647;
			files = (
			);
			runOnlyForDeploymentPostprocessing = 0;
		};
		7278FB5929284D8000FDE5B9 /* Frameworks */ = {
			isa = PBXFrameworksBuildPhase;
			buildActionMask = 2147483647;
			files = (
			);
			runOnlyForDeploymentPostprocessing = 0;
		};
/* End PBXFrameworksBuildPhase section */

/* Begin PBXGroup section */
		7278FB3929284D7E00FDE5B9 = {
			isa = PBXGroup;
			children = (
				7278FB4429284D7E00FDE5B9 /* sledger */,
				7278FB5529284D8000FDE5B9 /* sledgerTests */,
				7278FB5F29284D8000FDE5B9 /* sledgerUITests */,
				7278FB4329284D7E00FDE5B9 /* Products */,
			);
			sourceTree = "<group>";
		};
		7278FB4329284D7E00FDE5B9 /* Products */ = {
			isa = PBXGroup;
			children = (
				7278FB4229284D7E00FDE5B9 /* sledger.app */,
				7278FB5229284D8000FDE5B9 /* sledgerTests.xctest */,
				7278FB5C29284D8000FDE5B9 /* sledgerUITests.xctest */,
			);
			name = Products;
			sourceTree = "<group>";
		};
		7278FB4429284D7E00FDE5B9 /* sledger */ = {
			isa = PBXGroup;
			children = (
				7278FB4529284D7E00FDE5B9 /* sledgerApp.swift */,
				7278FB4729284D7E00FDE5B9 /* ContentView.swift */,
				7278FB4929284D8000FDE5B9 /* Assets.xcassets */,
				7278FB4B29284D8000FDE5B9 /* Preview Content */,
			);
			path = sledger;
			sourceTree = "<group>";
		};
		7278FB4B29284D8000FDE5B9 /* Preview Content */ = {
			isa = PBXGroup;
			children = (
				7278FB4C29284D8000FDE5B9 /* Preview Assets.xcassets */,
			);
			path = "Preview Content";
			sourceTree = "<group>";
		};
		7278FB5529284D8000FDE5B9 /* sledgerTests */ = {
			isa = PBXGroup;
			children = (
				7278FB5629284D8000FDE5B9 /* sledgerTests.swift */,
			);
			path = sledgerTests;
			sourceTree = "<group>";
		};
		7278FB5F29284D8000FDE5B9 /* sledgerUITests */ = {
			isa = PBXGroup;
			children = (
				7278FB6029284D8000FDE5B9 /* sledgerUITests.swift */,
				7278FB6229284D8000FDE5B9 /* sledgerUITestsLaunchTests.swift */,
			);
			path = sledgerUITests;
			sourceTree = "<group>";
		};
/* End PBXGroup section */

/* Begin PBXNativeTarget section */
		7278FB4129284D7E00FDE5B9 /* sledger */ = {
			isa = PBXNativeTarget;
			buildConfigurationList = 7278FB6629284D8000FDE5B9 /* Build configuration list for PBXNativeTarget "sledger" */;
			buildPhases = (
				7278FB3E29284D7E00FDE5B9 /* Sources */,
				7278FB3F29284D7E00FDE5B9 /* Frameworks */,
				7278FB4029284D7E00FDE5B9 /* Resources */,
			);
			buildRules = (
			);
			dependencies = (
			);
			name = sledger;
			productName = sledger;
			productReference = 7278FB4229284D7E00FDE5B9 /* sledger.app */;
			productType = "com.apple.product-type.application";
		};
		7278FB5129284D8000FDE5B9 /* sledgerTests */ = {
			isa = PBXNativeTarget;
			buildConfigurationList = 7278FB6929284D8000FDE5B9 /* Build configuration list for PBXNativeTarget "sledgerTests" */;
			buildPhases = (
				7278FB4E29284D8000FDE5B9 /* Sources */,
				7278FB4F29284D8000FDE5B9 /* Frameworks */,
				7278FB5029284D8000FDE5B9 /* Resources */,
			);
			buildRules = (
			);
			dependencies = (
				7278FB5429284D8000FDE5B9 /* PBXTargetDependency */,
			);
			name = sledgerTests;
			productName = sledgerTests;
			productReference = 7278FB5229284D8000FDE5B9 /* sledgerTests.xctest */;
			productType = "com.apple.product-type.bundle.unit-test";
		};
		7278FB5B29284D8000FDE5B9 /* sledgerUITests */ = {
			isa = PBXNativeTarget;
			buildConfigurationList = 7278FB6C29284D8000FDE5B9 /* Build configuration list for PBXNativeTarget "sledgerUITests" */;
			buildPhases = (
				7278FB5829284D8000FDE5B9 /* Sources */,
				7278FB5929284D8000FDE5B9 /* Frameworks */,
				7278FB5A29284D8000FDE5B9 /* Resources */,
			);
			buildRules = (
			);
			dependencies = (
				7278FB5E29284D8000FDE5B9 /* PBXTargetDependency */,
			);
			name = sledgerUITests;
			productName = sledgerUITests;
			productReference = 7278FB5C29284D8000FDE5B9 /* sledgerUITests.xctest */;
			productType = "com.apple.product-type.bundle.ui-testing";
		};
/* End PBXNativeTarget section */

/* Begin PBXProject section */
		7278FB3A29284D7E00FDE5B9 /* Project object */ = {
			isa = PBXProject;
			attributes = {
				BuildIndependentTargetsInParallel = 1;
				LastSwiftUpdateCheck = 1410;
				LastUpgradeCheck = 1410;
				TargetAttributes = {
					7278FB4129284D7E00FDE5B9 = {
						CreatedOnToolsVersion = 14.1;
					};
					7278FB5129284D8000FDE5B9 = {
						CreatedOnToolsVersion = 14.1;
						TestTargetID = 7278FB4129284D7E00FDE5B9;
					};
					7278FB5B29284D8000FDE5B9 = {
						CreatedOnToolsVersion = 14.1;
						TestTargetID = 7278FB4129284D7E00FDE5B9;
					};
				};
			};
			buildConfigurationList = 7278FB3D29284D7E00FDE5B9 /* Build configuration list for PBXProject "sledger" */;
			compatibilityVersion = "Xcode 14.0";
			developmentRegion = en;
			hasScannedForEncodings = 0;
			knownRegions = (
				en,
				Base,
			);
			mainGroup = 7278FB3929284D7E00FDE5B9;
			productRefGroup = 7278FB4329284D7E00FDE5B9 /* Products */;
			projectDirPath = "";
			projectRoot = "";
			targets = (
				7278FB4129284D7E00FDE5B9 /* sledger */,
				7278FB5129284D8000FDE5B9 /* sledgerTests */,
				7278FB5B29284D8000FDE5B9 /* sledgerUITests */,
			);
		};
/* End PBXProject section */

/* Begin PBXResourcesBuildPhase section */
		7278FB4029284D7E00FDE5B9 /* Resources */ = {
			isa = PBXResourcesBuildPhase;
			buildActionMask = 2147483647;
			files = (
				7278FB4D29284D8000FDE5B9 /* Preview Assets.xcassets in Resources */,
				7278FB4A29284D8000FDE5B9 /* Assets.xcassets in Resources */,
			);
			runOnlyForDeploymentPostprocessing = 0;
		};
		7278FB5029284D8000FDE5B9 /* Resources */ = {
			isa = PBXResourcesBuildPhase;
			buildActionMask = 2147483647;
			files = (
			);
			runOnlyForDeploymentPostprocessing = 0;
		};
		7278FB5A29284D8000FDE5B9 /* Resources */ = {
			isa = PBXResourcesBuildPhase;
			buildActionMask = 2147483647;
			files = (
			);
			runOnlyForDeploymentPostprocessing = 0;
		};
/* End PBXResourcesBuildPhase section */

/* Begin PBXSourcesBuildPhase section */
		7278FB3E29284D7E00FDE5B9 /* Sources */ = {
			isa = PBXSourcesBuildPhase;
			buildActionMask = 2147483647;
			files = (
				7278FB4829284D7E00FDE5B9 /* ContentView.swift in Sources */,
				7278FB4629284D7E00FDE5B9 /* sledgerApp.swift in Sources */,
			);
			runOnlyForDeploymentPostprocessing = 0;
		};
		7278FB4E29284D8000FDE5B9 /* Sources */ = {
			isa = PBXSourcesBuildPhase;
			buildActionMask = 2147483647;
			files = (
				7278FB5729284D8000FDE5B9 /* sledgerTests.swift in Sources */,
			);
			runOnlyForDeploymentPostprocessing = 0;
		};
		7278FB5829284D8000FDE5B9 /* Sources */ = {
			isa = PBXSourcesBuildPhase;
			buildActionMask = 2147483647;
			files = (
				7278FB6129284D8000FDE5B9 /* sledgerUITests.swift in Sources */,
				7278FB6329284D8000FDE5B9 /* sledgerUITestsLaunchTests.swift in Sources */,
			);
			runOnlyForDeploymentPostprocessing = 0;
		};
/* End PBXSourcesBuildPhase section */

/* Begin PBXTargetDependency section */
		7278FB5429284D8000FDE5B9 /* PBXTargetDependency */ = {
			isa = PBXTargetDependency;
			target = 7278FB4129284D7E00FDE5B9 /* sledger */;
			targetProxy = 7278FB5329284D8000FDE5B9 /* PBXContainerItemProxy */;
		};
		7278FB5E29284D8000FDE5B9 /* PBXTargetDependency */ = {
			isa = PBXTargetDependency;
			target = 7278FB4129284D7E00FDE5B9 /* sledger */;
			targetProxy = 7278FB5D29284D8000FDE5B9 /* PBXContainerItemProxy */;
		};
/* End PBXTargetDependency section */

/* Begin XCBuildConfiguration section */
		7278FB6429284D8000FDE5B9 /* Debug */ = {
			isa = XCBuildConfiguration;
			buildSettings = {
				ALWAYS_SEARCH_USER_PATHS = NO;
				CLANG_ANALYZER_NONNULL = YES;
				CLANG_ANALYZER_NUMBER_OBJECT_CONVERSION = YES_AGGRESSIVE;
				CLANG_CXX_LANGUAGE_STANDARD = "gnu++20";
				CLANG_ENABLE_MODULES = YES;
				CLANG_ENABLE_OBJC_ARC = YES;
				CLANG_ENABLE_OBJC_WEAK = YES;
				CLANG_WARN_BLOCK_CAPTURE_AUTORELEASING = YES;
				CLANG_WARN_BOOL_CONVERSION = YES;
				CLANG_WARN_COMMA = YES;
				CLANG_WARN_CONSTANT_CONVERSION = YES;
				CLANG_WARN_DEPRECATED_OBJC_IMPLEMENTATIONS = YES;
				CLANG_WARN_DIRECT_OBJC_ISA_USAGE = YES_ERROR;
				CLANG_WARN_DOCUMENTATION_COMMENTS = YES;
				CLANG_WARN_EMPTY_BODY = YES;
				CLANG_WARN_ENUM_CONVERSION = YES;
				CLANG_WARN_INFINITE_RECURSION = YES;
				CLANG_WARN_INT_CONVERSION = YES;
				CLANG_WARN_NON_LITERAL_NULL_CONVERSION = YES;
				CLANG_WARN_OBJC_IMPLICIT_RETAIN_SELF = YES;
				CLANG_WARN_OBJC_LITERAL_CONVERSION = YES;
				CLANG_WARN_OBJC_ROOT_CLASS = YES_ERROR;
				CLANG_WARN_QUOTED_INCLUDE_IN_FRAMEWORK_HEADER = YES;
				CLANG_WARN_RANGE_LOOP_ANALYSIS = YES;
				CLANG_WARN_STRICT_PROTOTYPES = YES;
				CLANG_WARN_SUSPICIOUS_MOVE = YES;
				CLANG_WARN_UNGUARDED_AVAILABILITY = YES_AGGRESSIVE;
				CLANG_WARN_UNREACHABLE_CODE = YES;
				CLANG_WARN__DUPLICATE_METHOD_MATCH = YES;
				COPY_PHASE_STRIP = NO;
				DEBUG_INFORMATION_FORMAT = dwarf;
				ENABLE_STRICT_OBJC_MSGSEND = YES;
				ENABLE_TESTABILITY = YES;
				GCC_C_LANGUAGE_STANDARD = gnu11;
				GCC_DYNAMIC_NO_PIC = NO;
				GCC_NO_COMMON_BLOCKS = YES;
				GCC_OPTIMIZATION_LEVEL = 0;
				GCC_PREPROCESSOR_DEFINITIONS = (
					"DEBUG=1",
					"$(inherited)",
				);
				GCC_WARN_64_TO_32_BIT_CONVERSION = YES;
				GCC_WARN_ABOUT_RETURN_TYPE = YES_ERROR;
				GCC_WARN_UNDECLARED_SELECTOR = YES;
				GCC_WARN_UNINITIALIZED_AUTOS = YES_AGGRESSIVE;
				GCC_WARN_UNUSED_FUNCTION = YES;
				GCC_WARN_UNUSED_VARIABLE = YES;
				IPHONEOS_DEPLOYMENT_TARGET = 16.1;
				MTL_ENABLE_DEBUG_INFO = INCLUDE_SOURCE;
				MTL_FAST_MATH = YES;
				ONLY_ACTIVE_ARCH = YES;
				SDKROOT = iphoneos;
				SWIFT_ACTIVE_COMPILATION_CONDITIONS = DEBUG;
				SWIFT_OPTIMIZATION_LEVEL = "-Onone";
			};
			name = Debug;
		};
		7278FB6529284D8000FDE5B9 /* Release */ = {
			isa = XCBuildConfiguration;
			buildSettings = {
				ALWAYS_SEARCH_USER_PATHS = NO;
				CLANG_ANALYZER_NONNULL = YES;
				CLANG_ANALYZER_NUMBER_OBJECT_CONVERSION = YES_AGGRESSIVE;
				CLANG_CXX_LANGUAGE_STANDARD = "gnu++20";
				CLANG_ENABLE_MODULES = YES;
				CLANG_ENABLE_OBJC_ARC = YES;
				CLANG_ENABLE_OBJC_WEAK = YES;
				CLANG_WARN_BLOCK_CAPTURE_AUTORELEASING = YES;
				CLANG_WARN_BOOL_CONVERSION = YES;
				CLANG_WARN_COMMA = YES;
				CLANG_WARN_CONSTANT_CONVERSION = YES;
				CLANG_WARN_DEPRECATED_OBJC_IMPLEMENTATIONS = YES;
				CLANG_WARN_DIRECT_OBJC_ISA_USAGE = YES_ERROR;
				CLANG_WARN_DOCUMENTATION_COMMENTS = YES;
				CLANG_WARN_EMPTY_BODY = YES;
				CLANG_WARN_ENUM_CONVERSION = YES;
				CLANG_WARN_INFINITE_RECURSION = YES;
				CLANG_WARN_INT_CONVERSION = YES;
				CLANG_WARN_NON_LITERAL_NULL_CONVERSION = YES;
				CLANG_WARN_OBJC_IMPLICIT_RETAIN_SELF = YES;
				CLANG_WARN_OBJC_LITERAL_CONVERSION = YES;
				CLANG_WARN_OBJC_ROOT_CLASS = YES_ERROR;
				CLANG_WARN_QUOTED_INCLUDE_IN_FRAMEWORK_HEADER = YES;
				CLANG_WARN_RANGE_LOOP_ANALYSIS = YES;
				CLANG_WARN_STRICT_PROTOTYPES = YES;
				CLANG_WARN_SUSPICIOUS_MOVE = YES;
				CLANG_WARN_UNGUARDED_AVAILABILITY = YES_AGGRESSIVE;
				CLANG_WARN_UNREACHABLE_CODE = YES;
				CLANG_WARN__DUPLICATE_METHOD_MATCH = YES;
				COPY_PHASE_STRIP = NO;
				DEBUG_INFORMATION_FORMAT = "dwarf-with-dsym";
				ENABLE_NS_ASSERTIONS = NO;
				ENABLE_STRICT_OBJC_MSGSEND = YES;
				GCC_C_LANGUAGE_STANDARD = gnu11;
				GCC_NO_COMMON_BLOCKS = YES;
				GCC_WARN_64_TO_32_BIT_CONVERSION = YES;
				GCC_WARN_ABOUT_RETURN_TYPE = YES_ERROR;
				GCC_WARN_UNDECLARED_SELECTOR = YES;
				GCC_WARN_UNINITIALIZED_AUTOS = YES_AGGRESSIVE;
				GCC_WARN_UNUSED_FUNCTION = YES;
				GCC_WARN_UNUSED_VARIABLE = YES;
				IPHONEOS_DEPLOYMENT_TARGET = 16.1;
				MTL_ENABLE_DEBUG_INFO = NO;
				MTL_FAST_MATH = YES;
				SDKROOT = iphoneos;
				SWIFT_COMPILATION_MODE = wholemodule;
				SWIFT_OPTIMIZATION_LEVEL = "-O";
				VALIDATE_PRODUCT = YES;
			};
			name = Release;
		};
		7278FB6729284D8000FDE5B9 /* Debug */ = {
			isa = XCBuildConfiguration;
			buildSettings = {
				ASSETCATALOG_COMPILER_APPICON_NAME = AppIcon;
				ASSETCATALOG_COMPILER_GLOBAL_ACCENT_COLOR_NAME = AccentColor;
				CODE_SIGN_STYLE = Automatic;
				CURRENT_PROJECT_VERSION = 1;
				DEVELOPMENT_ASSET_PATHS = "\"sledger/Preview Content\"";
				DEVELOPMENT_TEAM = XPMV79832J;
				ENABLE_PREVIEWS = YES;
				GENERATE_INFOPLIST_FILE = YES;
				INFOPLIST_KEY_UIApplicationSceneManifest_Generation = YES;
				INFOPLIST_KEY_UIApplicationSupportsIndirectInputEvents = YES;
				INFOPLIST_KEY_UILaunchScreen_Generation = YES;
				INFOPLIST_KEY_UISupportedInterfaceOrientations_iPad = "UIInterfaceOrientationPortrait UIInterfaceOrientationPortraitUpsideDown UIInterfaceOrientationLandscapeLeft UIInterfaceOrientationLandscapeRight";
				INFOPLIST_KEY_UISupportedInterfaceOrientations_iPhone = "UIInterfaceOrientationPortrait UIInterfaceOrientationLandscapeLeft UIInterfaceOrientationLandscapeRight";
				LD_RUNPATH_SEARCH_PATHS = (
					"$(inherited)",
					"@executable_path/Frameworks",
				);
				MARKETING_VERSION = 1.0;
				PRODUCT_BUNDLE_IDENTIFIER = com.example.sledger;
				PRODUCT_NAME = "$(TARGET_NAME)";
				SWIFT_EMIT_LOC_STRINGS = YES;
				SWIFT_VERSION = 5.0;
				TARGETED_DEVICE_FAMILY = "1,2";
			};
			name = Debug;
		};
		7278FB6829284D8000FDE5B9 /* Release */ = {
			isa = XCBuildConfiguration;
			buildSettings = {
				ASSETCATALOG_COMPILER_APPICON_NAME = AppIcon;
				ASSETCATALOG_COMPILER_GLOBAL_ACCENT_COLOR_NAME = AccentColor;
				CODE_SIGN_STYLE = Automatic;
				CURRENT_PROJECT_VERSION = 1;
				DEVELOPMENT_ASSET_PATHS = "\"sledger/Preview Content\"";
				DEVELOPMENT_TEAM = XPMV79832J;
				ENABLE_PREVIEWS = YES;
				GENERATE_INFOPLIST_FILE = YES;
				INFOPLIST_KEY_UIApplicationSceneManifest_Generation = YES;
				INFOPLIST_KEY_UIApplicationSupportsIndirectInputEvents = YES;
				INFOPLIST_KEY_UILaunchScreen_Generation = YES;
				INFOPLIST_KEY_UISupportedInterfaceOrientations_iPad = "UIInterfaceOrientationPortrait UIInterfaceOrientationPortraitUpsideDown UIInterfaceOrientationLandscapeLeft UIInterfaceOrientationLandscapeRight";
				INFOPLIST_KEY_UISupportedInterfaceOrientations_iPhone = "UIInterfaceOrientationPortrait UIInterfaceOrientationLandscapeLeft UIInterfaceOrientationLandscapeRight";
				LD_RUNPATH_SEARCH_PATHS = (
					"$(inherited)",
					"@executable_path/Frameworks",
				);
				MARKETING_VERSION = 1.0;
				PRODUCT_BUNDLE_IDENTIFIER = com.example.sledger;
				PRODUCT_NAME = "$(TARGET_NAME)";
				SWIFT_EMIT_LOC_STRINGS = YES;
				SWIFT_VERSION = 5.0;
				TARGETED_DEVICE_FAMILY = "1,2";
			};
			name = Release;
		};
		7278FB6A29284D8000FDE5B9 /* Debug */ = {
			isa = XCBuildConfiguration;
			buildSettings = {
				ALWAYS_EMBED_SWIFT_STANDARD_LIBRARIES = YES;
				BUNDLE_LOADER = "$(TEST_HOST)";
				CODE_SIGN_STYLE = Automatic;
				CURRENT_PROJECT_VERSION = 1;
				DEVELOPMENT_TEAM = XPMV79832J;
				GENERATE_INFOPLIST_FILE = YES;
				IPHONEOS_DEPLOYMENT_TARGET = 16.1;
				MARKETING_VERSION = 1.0;
				PRODUCT_BUNDLE_IDENTIFIER = com.example.sledgerTests;
				PRODUCT_NAME = "$(TARGET_NAME)";
				SWIFT_EMIT_LOC_STRINGS = NO;
				SWIFT_VERSION = 5.0;
				TARGETED_DEVICE_FAMILY = "1,2";
				TEST_HOST = "$(BUILT_PRODUCTS_DIR)/sledger.app/$(BUNDLE_EXECUTABLE_FOLDER_PATH)/sledger";
			};
			name = Debug;
		};
		7278FB6B29284D8000FDE5B9 /* Release */ = {
			isa = XCBuildConfiguration;
			buildSettings = {
				ALWAYS_EMBED_SWIFT_STANDARD_LIBRARIES = YES;
				BUNDLE_LOADER = "$(TEST_HOST)";
				CODE_SIGN_STYLE = Automatic;
				CURRENT_PROJECT_VERSION = 1;
				DEVELOPMENT_TEAM = XPMV79832J;
				GENERATE_INFOPLIST_FILE = YES;
				IPHONEOS_DEPLOYMENT_TARGET = 16.1;
				MARKETING_VERSION = 1.0;
				PRODUCT_BUNDLE_IDENTIFIER = com.example.sledgerTests;
				PRODUCT_NAME = "$(TARGET_NAME)";
				SWIFT_EMIT_LOC_STRINGS = NO;
				SWIFT_VERSION = 5.0;
				TARGETED_DEVICE_FAMILY = "1,2";
				TEST_HOST = "$(BUILT_PRODUCTS_DIR)/sledger.app/$(BUNDLE_EXECUTABLE_FOLDER_PATH)/sledger";
			};
			name = Release;
		};
		7278FB6D29284D8000FDE5B9 /* Debug */ = {
			isa = XCBuildConfiguration;
			buildSettings = {
				ALWAYS_EMBED_SWIFT_STANDARD_LIBRARIES = YES;
				CODE_SIGN_STYLE = Automatic;
				CURRENT_PROJECT_VERSION = 1;
				DEVELOPMENT_TEAM = XPMV79832J;
				GENERATE_INFOPLIST_FILE = YES;
				MARKETING_VERSION = 1.0;
				PRODUCT_BUNDLE_IDENTIFIER = com.example.sledgerUITests;
				PRODUCT_NAME = "$(TARGET_NAME)";
				SWIFT_EMIT_LOC_STRINGS = NO;
				SWIFT_VERSION = 5.0;
				TARGETED_DEVICE_FAMILY = "1,2";
				TEST_TARGET_NAME = sledger;
			};
			name = Debug;
		};
		7278FB6E29284D8000FDE5B9 /* Release */ = {
			isa = XCBuildConfiguration;
			buildSettings = {
				ALWAYS_EMBED_SWIFT_STANDARD_LIBRARIES = YES;
				CODE_SIGN_STYLE = Automatic;
				CURRENT_PROJECT_VERSION = 1;
				DEVELOPMENT_TEAM = XPMV79832J;
				GENERATE_INFOPLIST_FILE = YES;
				MARKETING_VERSION = 1.0;
				PRODUCT_BUNDLE_IDENTIFIER = com.example.sledgerUITests;
				PRODUCT_NAME = "$(TARGET_NAME)";
				SWIFT_EMIT_LOC_STRINGS = NO;
				SWIFT_VERSION = 5.0;
				TARGETED_DEVICE_FAMILY = "1,2";
				TEST_TARGET_NAME = sledger;
			};
			name = Release;
		};
/* End XCBuildConfiguration section */

/* Begin XCConfigurationList section */
		7278FB3D29284D7E00FDE5B9 /* Build configuration list for PBXProject "sledger" */ = {
			isa = XCConfigurationList;
			buildConfigurations = (
				7278FB6429284D8000FDE5B9 /* Debug */,
				7278FB6529284D8000FDE5B9 /* Release */,
			);
			defaultConfigurationIsVisible = 0;
			defaultConfigurationName = Release;
		};
		7278FB6629284D8000FDE5B9 /* Build configuration list for PBXNativeTarget "sledger" */ = {
			isa = XCConfigurationList;
			buildConfigurations = (
				7278FB6729284D8000FDE5B9 /* Debug */,
				7278FB6829284D8000FDE5B9 /* Release */,
			);
			defaultConfigurationIsVisible = 0;
			defaultConfigurationName = Release;
		};
		7278FB6929284D8000FDE5B9 /* Build configuration list for PBXNativeTarget "sledgerTests" */ = {
			isa = XCConfigurationList;
			buildConfigurations = (
				7278FB6A29284D8000FDE5B9 /* Debug */,
				7278FB6B29284D8000FDE5B9 /* Release */,
			);
			defaultConfigurationIsVisible = 0;
			defaultConfigurationName = Release;
		};
		7278FB6C29284D8000FDE5B9 /* Build configuration list for PBXNativeTarget "sledgerUITests" */ = {
			isa = XCConfigurationList;
			buildConfigurations = (
				7278FB6D29284D8000FDE5B9 /* Debug */,
				7278FB6E29284D8000FDE5B9 /* Release */,
			);
			defaultConfigurationIsVisible = 0;
			defaultConfigurationName = Release;
		};
/* End XCConfigurationList section */
	};
	rootObject = 7278FB3A29284D7E00FDE5B9 /* Project object */;
}
